<?xml version="1.0" encoding="utf-8"?>
<Project ToolsVersion="4.0" xmlns="http://schemas.microsoft.com/developer/msbuild/2003">
  <ItemGroup>
    <Filter Include="Hooks">
      <UniqueIdentifier>{c0213d79-7873-4407-b209-d5ea467d4e1b}</UniqueIdentifier>
    </Filter>
    <Filter Include="Shared">
      <UniqueIdentifier>{d6d61e34-7414-4b56-9c55-f3f717650c68}</UniqueIdentifier>
    </Filter>
    <Filter Include="Gothic">
      <UniqueIdentifier>{e277647f-f22a-4008-b679-75f96ce032e4}</UniqueIdentifier>
    </Filter>
    <Filter Include="Gothic\Classes">
      <UniqueIdentifier>{91c9b460-c28d-423a-a786-468335e5ab87}</UniqueIdentifier>
    </Filter>
    <Filter Include="Gothic\Objects">
      <UniqueIdentifier>{51971c71-1738-491b-8cbb-2caf3b302d80}</UniqueIdentifier>
    </Filter>
    <Filter Include="Gothic\Types">
      <UniqueIdentifier>{78ea0db8-b79f-4948-b053-5a963975a9cb}</UniqueIdentifier>
    </Filter>
    <Filter Include="GUI">
      <UniqueIdentifier>{435b7f02-e668-4809-afbb-73bfb790c34b}</UniqueIdentifier>
    </Filter>
    <Filter Include="Systems">
      <UniqueIdentifier>{56c6c9a8-d2ba-4e68-935c-de3257f30fda}</UniqueIdentifier>
    </Filter>
    <Filter Include="Components">
      <UniqueIdentifier>{5e9b1a64-c6c0-4aa0-a2eb-5244fa40e643}</UniqueIdentifier>
    </Filter>
    <Filter Include="Shared\Components">
      <UniqueIdentifier>{67429c78-f796-4f5b-ac93-576240065692}</UniqueIdentifier>
    </Filter>
    <Filter Include="Resources">
      <UniqueIdentifier>{ba88ba73-6ecf-41b5-8357-29b64cf85d7a}</UniqueIdentifier>
    </Filter>
    <Filter Include="Shared\Resources">
      <UniqueIdentifier>{7d22a608-0477-4407-95d4-69d813ce98d5}</UniqueIdentifier>
    </Filter>
    <Filter Include="Shared\Systems">
      <UniqueIdentifier>{1e1303cc-2b1a-4ba7-adf4-12f9789e8aa5}</UniqueIdentifier>
    </Filter>
    <Filter Include="Shared\Types">
      <UniqueIdentifier>{3ec58422-6e3b-4508-8cd6-cc831924181b}</UniqueIdentifier>
    </Filter>
    <Filter Include="Shared\Types\Messages">
      <UniqueIdentifier>{f2b0be59-f255-414f-bb53-4693856693c9}</UniqueIdentifier>
    </Filter>
    <Filter Include="Types">
      <UniqueIdentifier>{c7ea0e8e-83ba-416b-b172-1caa526a591a}</UniqueIdentifier>
    </Filter>
    <Filter Include="Objects">
      <UniqueIdentifier>{40bf75ac-1d27-4c14-b8b5-c5ba4f7a0baf}</UniqueIdentifier>
    </Filter>
  </ItemGroup>
  <ItemGroup>
    <ClCompile Include="..\..\main.cpp" />
    <ClCompile Include="..\..\Hooks\hGame.cpp">
      <Filter>Hooks</Filter>
    </ClCompile>
    <ClCompile Include="..\..\Hooks\hView.cpp">
      <Filter>Hooks</Filter>
    </ClCompile>
    <ClCompile Include="..\..\Hooks\otherHooks.cpp">
      <Filter>Hooks</Filter>
    </ClCompile>
    <ClCompile Include="..\..\Gothic\Types\zCOLOR.cpp">
      <Filter>Gothic\Types</Filter>
    </ClCompile>
    <ClCompile Include="..\..\Gothic\Types\zMAT3.cpp">
      <Filter>Gothic\Types</Filter>
    </ClCompile>
    <ClCompile Include="..\..\Gothic\Types\zSTRING.cpp">
      <Filter>Gothic\Types</Filter>
    </ClCompile>
    <ClCompile Include="..\..\Gothic\Types\zVEC2.cpp">
      <Filter>Gothic\Types</Filter>
    </ClCompile>
    <ClCompile Include="..\..\Gothic\Types\zVEC3.cpp">
      <Filter>Gothic\Types</Filter>
    </ClCompile>
    <ClCompile Include="..\..\GUI\view.cpp">
      <Filter>GUI</Filter>
    </ClCompile>
    <ClCompile Include="..\..\GUI\mainMenu.cpp">
      <Filter>GUI</Filter>
    </ClCompile>
    <ClCompile Include="..\..\GUI\menu.cpp">
      <Filter>GUI</Filter>
    </ClCompile>
    <ClCompile Include="..\..\GUI\menuButton.cpp">
      <Filter>GUI</Filter>
    </ClCompile>
    <ClCompile Include="..\..\GUI\menuItem.cpp">
      <Filter>GUI</Filter>
    </ClCompile>
    <ClCompile Include="..\..\GUI\menuTextBox.cpp">
      <Filter>GUI</Filter>
    </ClCompile>
    <ClCompile Include="..\..\GUI\textBox.cpp">
      <Filter>GUI</Filter>
    </ClCompile>
    <ClCompile Include="..\..\GUI\visual.cpp">
      <Filter>GUI</Filter>
    </ClCompile>
    <ClCompile Include="..\..\GUI\visual3D.cpp">
      <Filter>GUI</Filter>
    </ClCompile>
    <ClCompile Include="..\..\GUI\visualText.cpp">
      <Filter>GUI</Filter>
    </ClCompile>
    <ClCompile Include="..\..\Systems\menuSystem.cpp">
      <Filter>Systems</Filter>
    </ClCompile>
    <ClCompile Include="..\..\..\Shared\Components\gameTime.cpp">
      <Filter>Shared\Components</Filter>
    </ClCompile>
    <ClCompile Include="..\..\Systems\windowSystem.cpp">
      <Filter>Systems</Filter>
    </ClCompile>
    <ClCompile Include="..\..\..\Shared\Components\version.cpp">
      <Filter>Shared\Components</Filter>
    </ClCompile>
    <ClCompile Include="..\..\..\Shared\Systems\versionSystem.cpp">
      <Filter>Shared\Systems</Filter>
    </ClCompile>
    <ClCompile Include="..\..\gameClient.cpp" />
    <ClCompile Include="..\..\Systems\networkSystem.cpp">
      <Filter>Systems</Filter>
    </ClCompile>
    <ClCompile Include="..\..\Systems\loginSystem.cpp">
      <Filter>Systems</Filter>
    </ClCompile>
    <ClCompile Include="..\..\Systems\inputSystem.cpp">
      <Filter>Systems</Filter>
    </ClCompile>
    <ClCompile Include="..\..\Objects\clientClient.cpp">
      <Filter>Objects</Filter>
    </ClCompile>
    <ClCompile Include="..\..\Components\menuMain.cpp">
      <Filter>Components</Filter>
    </ClCompile>
    <ClCompile Include="..\..\Components\menuRegister.cpp">
      <Filter>Components</Filter>
    </ClCompile>
    <ClCompile Include="..\..\..\Shared\Components\id.cpp">
      <Filter>Shared\Components</Filter>
    </ClCompile>
    <ClCompile Include="..\..\..\Shared\Components\authData.cpp">
      <Filter>Shared\Components</Filter>
    </ClCompile>
    <ClCompile Include="..\..\Objects\CDetour.cpp">
      <Filter>Objects</Filter>
    </ClCompile>
    <ClCompile Include="..\..\..\Shared\Components\color.cpp">
      <Filter>Shared\Components</Filter>
    </ClCompile>
    <ClCompile Include="..\..\Components\notificationBox.cpp">
      <Filter>Components</Filter>
    </ClCompile>
    <ClCompile Include="..\..\..\Shared\Components\notificationText.cpp">
      <Filter>Shared\Components</Filter>
    </ClCompile>
    <ClCompile Include="..\..\..\Shared\Components\loginData.cpp">
      <Filter>Shared\Components</Filter>
    </ClCompile>
    <ClCompile Include="..\..\Components\menuLogin.cpp">
      <Filter>Components</Filter>
    </ClCompile>
  </ItemGroup>
  <ItemGroup>
    <ClInclude Include="..\..\Hooks\hGame.hpp">
      <Filter>Hooks</Filter>
    </ClInclude>
    <ClInclude Include="..\..\Hooks\hView.hpp">
      <Filter>Hooks</Filter>
    </ClInclude>
    <ClInclude Include="..\..\Hooks\otherHooks.hpp">
      <Filter>Hooks</Filter>
    </ClInclude>
    <ClInclude Include="..\..\Gothic\cGameManager.hpp">
      <Filter>Gothic</Filter>
    </ClInclude>
    <ClInclude Include="..\..\Gothic\xcall.h">
      <Filter>Gothic</Filter>
    </ClInclude>
    <ClInclude Include="..\..\Gothic\Classes\zCCamera.hpp">
      <Filter>Gothic\Classes</Filter>
    </ClInclude>
    <ClInclude Include="..\..\Gothic\Classes\zCEventManager.hpp">
      <Filter>Gothic\Classes</Filter>
    </ClInclude>
    <ClInclude Include="..\..\Gothic\Classes\zCFont.hpp">
      <Filter>Gothic\Classes</Filter>
    </ClInclude>
    <ClInclude Include="..\..\Gothic\Classes\zCFontMan.hpp">
      <Filter>Gothic\Classes</Filter>
    </ClInclude>
    <ClInclude Include="..\..\Gothic\Classes\zCOption.hpp">
      <Filter>Gothic\Classes</Filter>
    </ClInclude>
    <ClInclude Include="..\..\Gothic\Classes\zCOptionEntry.hpp">
      <Filter>Gothic\Classes</Filter>
    </ClInclude>
    <ClInclude Include="..\..\Gothic\Classes\zCOptionSection.hpp">
      <Filter>Gothic\Classes</Filter>
    </ClInclude>
    <ClInclude Include="..\..\Gothic\Classes\zCRenderer.hpp">
      <Filter>Gothic\Classes</Filter>
    </ClInclude>
    <ClInclude Include="..\..\Gothic\Classes\zCSkyController.hpp">
      <Filter>Gothic\Classes</Filter>
    </ClInclude>
    <ClInclude Include="..\..\Gothic\Classes\zCTree.hpp">
      <Filter>Gothic\Classes</Filter>
    </ClInclude>
    <ClInclude Include="..\..\Gothic\Classes\zCView.hpp">
      <Filter>Gothic\Classes</Filter>
    </ClInclude>
    <ClInclude Include="..\..\Gothic\Classes\zCViewProgressBar.hpp">
      <Filter>Gothic\Classes</Filter>
    </ClInclude>
    <ClInclude Include="..\..\Gothic\Classes\zCViewText.hpp">
      <Filter>Gothic\Classes</Filter>
    </ClInclude>
    <ClInclude Include="..\..\Gothic\Classes\zCVob.hpp">
      <Filter>Gothic\Classes</Filter>
    </ClInclude>
    <ClInclude Include="..\..\Gothic\Classes\zCWorld.hpp">
      <Filter>Gothic\Classes</Filter>
    </ClInclude>
    <ClInclude Include="..\..\Gothic\Types\zCOLOR.hpp">
      <Filter>Gothic\Types</Filter>
    </ClInclude>
    <ClInclude Include="..\..\Gothic\Types\zMAT3.hpp">
      <Filter>Gothic\Types</Filter>
    </ClInclude>
    <ClInclude Include="..\..\Gothic\Types\zMAT4.hpp">
      <Filter>Gothic\Types</Filter>
    </ClInclude>
    <ClInclude Include="..\..\Gothic\Types\zSTRING.hpp">
      <Filter>Gothic\Types</Filter>
    </ClInclude>
    <ClInclude Include="..\..\Gothic\Types\zTBBox3D.hpp">
      <Filter>Gothic\Types</Filter>
    </ClInclude>
    <ClInclude Include="..\..\Gothic\Types\zTBSphere3D.hpp">
      <Filter>Gothic\Types</Filter>
    </ClInclude>
    <ClInclude Include="..\..\Gothic\Types\zTPlane.hpp">
      <Filter>Gothic\Types</Filter>
    </ClInclude>
    <ClInclude Include="..\..\Gothic\Types\zTSound3DParams.hpp">
      <Filter>Gothic\Types</Filter>
    </ClInclude>
    <ClInclude Include="..\..\Gothic\Types\zVEC2.hpp">
      <Filter>Gothic\Types</Filter>
    </ClInclude>
    <ClInclude Include="..\..\Gothic\Types\zVEC3.hpp">
      <Filter>Gothic\Types</Filter>
    </ClInclude>
    <ClInclude Include="..\..\Gothic\Types\zVEC4.hpp">
      <Filter>Gothic\Types</Filter>
    </ClInclude>
    <ClInclude Include="..\..\Gothic\Objects\oCGame.hpp">
      <Filter>Gothic\Objects</Filter>
    </ClInclude>
    <ClInclude Include="..\..\Gothic\Objects\oCMob.hpp">
      <Filter>Gothic\Objects</Filter>
    </ClInclude>
    <ClInclude Include="..\..\Gothic\Objects\oCVob.hpp">
      <Filter>Gothic\Objects</Filter>
    </ClInclude>
    <ClInclude Include="..\..\Gothic\Objects\oCWorld.hpp">
      <Filter>Gothic\Objects</Filter>
    </ClInclude>
    <ClInclude Include="..\..\Gothic\Objects\oCWorldTimer.hpp">
      <Filter>Gothic\Objects</Filter>
    </ClInclude>
    <ClInclude Include="..\..\GUI\view.hpp">
      <Filter>GUI</Filter>
    </ClInclude>
    <ClInclude Include="..\..\GUI\mainMenu.hpp">
      <Filter>GUI</Filter>
    </ClInclude>
    <ClInclude Include="..\..\GUI\menu.hpp">
      <Filter>GUI</Filter>
    </ClInclude>
    <ClInclude Include="..\..\GUI\menuButton.hpp">
      <Filter>GUI</Filter>
    </ClInclude>
    <ClInclude Include="..\..\GUI\menuItem.hpp">
      <Filter>GUI</Filter>
    </ClInclude>
    <ClInclude Include="..\..\GUI\menuTextBox.hpp">
      <Filter>GUI</Filter>
    </ClInclude>
    <ClInclude Include="..\..\GUI\textBox.hpp">
      <Filter>GUI</Filter>
    </ClInclude>
    <ClInclude Include="..\..\GUI\visual.hpp">
      <Filter>GUI</Filter>
    </ClInclude>
    <ClInclude Include="..\..\GUI\visual3D.hpp">
      <Filter>GUI</Filter>
    </ClInclude>
    <ClInclude Include="..\..\GUI\visualText.hpp">
      <Filter>GUI</Filter>
    </ClInclude>
    <ClInclude Include="..\..\Systems\menuSystem.hpp">
      <Filter>Systems</Filter>
    </ClInclude>
    <ClInclude Include="..\..\..\Shared\Components\gameTime.hpp">
      <Filter>Shared\Components</Filter>
    </ClInclude>
    <ClInclude Include="..\..\Systems\windowSystem.hpp">
      <Filter>Systems</Filter>
    </ClInclude>
    <ClInclude Include="resource.h" />
    <ClInclude Include="..\..\..\Shared\Systems\versionSystem.hpp">
      <Filter>Shared\Systems</Filter>
    </ClInclude>
    <ClInclude Include="..\..\gameClient.hpp" />
    <ClInclude Include="..\..\Systems\networkSystem.hpp">
      <Filter>Systems</Filter>
    </ClInclude>
    <ClInclude Include="..\..\..\Shared\Types\Messages\loginSystemMessages.hpp">
      <Filter>Shared\Types\Messages</Filter>
    </ClInclude>
    <ClInclude Include="..\..\..\Shared\Types\Messages\networkSystemMessages.hpp">
      <Filter>Shared\Types\Messages</Filter>
    </ClInclude>
    <ClInclude Include="..\..\Systems\loginSystem.hpp">
      <Filter>Systems</Filter>
    </ClInclude>
    <ClInclude Include="..\..\Systems\inputSystem.hpp">
      <Filter>Systems</Filter>
    </ClInclude>
    <ClInclude Include="..\..\Types\virtualKeys.hpp">
      <Filter>Types</Filter>
    </ClInclude>
    <ClInclude Include="..\..\Objects\clientClient.hpp">
      <Filter>Objects</Filter>
    </ClInclude>
    <ClInclude Include="..\..\Components\menuMain.hpp">
      <Filter>Components</Filter>
    </ClInclude>
    <ClInclude Include="..\..\Components\menuRegister.hpp">
      <Filter>Components</Filter>
    </ClInclude>
    <ClInclude Include="..\..\..\Shared\Components\id.hpp">
      <Filter>Shared\Components</Filter>
    </ClInclude>
    <ClInclude Include="..\..\..\Shared\Components\authData.hpp">
      <Filter>Shared\Components</Filter>
    </ClInclude>
    <ClInclude Include="..\..\..\Shared\Components\version.hpp">
      <Filter>Shared\Components</Filter>
    </ClInclude>
    <ClInclude Include="..\..\..\Shared\Types\constants.hpp">
      <Filter>Shared\Types</Filter>
    </ClInclude>
    <ClInclude Include="..\..\Objects\CDetour.h">
      <Filter>Objects</Filter>
    </ClInclude>
    <ClInclude Include="..\..\..\Shared\Components\color.hpp">
      <Filter>Shared\Components</Filter>
    </ClInclude>
    <ClInclude Include="..\..\..\Shared\Types\Messages\menuSystemMessages.hpp">
      <Filter>Shared\Types\Messages</Filter>
    </ClInclude>
    <ClInclude Include="..\..\Components\notificationBox.hpp">
      <Filter>Components</Filter>
    </ClInclude>
    <ClInclude Include="..\..\..\Shared\Components\notificationText.hpp">
      <Filter>Shared\Components</Filter>
    </ClInclude>
    <ClInclude Include="..\..\..\Shared\Components\loginData.hpp">
      <Filter>Shared\Components</Filter>
    </ClInclude>
    <ClInclude Include="..\..\Components\menuLogin.hpp">
      <Filter>Components</Filter>
    </ClInclude>
  </ItemGroup>
  <ItemGroup>
    <Image Include="..\..\..\Shared\Resources\appIcon.ico">
      <Filter>Shared\Resources</Filter>
    </Image>
    <Image Include="..\..\Resources\gmp-splash.bmp">
      <Filter>Resources</Filter>
    </Image>
  </ItemGroup>
  <ItemGroup>
    <ResourceCompile Include="OpenGMP.rc" />
  </ItemGroup>
</Project>